
Microsoft Visual Studio Solution File, Format Version 12.00
# Visual Studio Version 16
VisualStudioVersion = 16.0.31729.503
MinimumVisualStudioVersion = 10.0.40219.1
Project("{FAE04EC0-301F-11D3-BF4B-00C04F79EFBC}") = "CarRental", "CarRental\CarRental.csproj", "{AA089497-3322-4793-9034-1CE5089B484F}"
EndProject
Global
	GlobalSection(SolutionConfigurationPlatforms) = preSolution
		Debug|Any CPU = Debug|Any CPU
		Release|Any CPU = Release|Any CPU
	EndGlobalSection
	GlobalSection(ProjectConfigurationPlatforms) = postSolution
		{AA089497-3322-4793-9034-1CE5089B484F}.Debug|Any CPU.ActiveCfg = Debug|Any CPU
		{AA089497-3322-4793-9034-1CE5089B484F}.Debug|Any CPU.Build.0 = Debug|Any CPU
		{AA089497-3322-4793-9034-1CE5089B484F}.Release|Any CPU.ActiveCfg = Release|Any CPU
		{AA089497-3322-4793-9034-1CE5089B484F}.Release|Any CPU.Build.0 = Release|Any CPU
	EndGlobalSection
	GlobalSection(SolutionProperties) = preSolution
		HideSolutionNode = FALSE
	EndGlobalSection
	GlobalSection(ExtensibilityGlobals) = postSolution
		SolutionGuid = {3BD7C51F-3E64-417D-8131-C2E98087E951}
	EndGlobalSection
EndGlobal
